{
  "requires": true,
  "lockfileVersion": 1,
  "dependencies": {
    "d3-collection": {
      "version": "1.0.7",
      "resolved": "https://registry.npmjs.org/d3-collection/-/d3-collection-1.0.7.tgz",
      "integrity": "sha512-ii0/r5f4sjKNTfh84Di+DpztYwqKhEyUlKoPrzUFfeSkWxjW49xU2QzO9qrPrNkpdI0XJkfzvmTu8V2Zylln6A=="
    },
    "d3-selection": {
      "version": "1.4.0",
      "resolved": "https://registry.npmjs.org/d3-selection/-/d3-selection-1.4.0.tgz",
      "integrity": "sha512-EYVwBxQGEjLCKF2pJ4+yrErskDnz5v403qvAid96cNdCMr8rmCYfY5RGzWz24mdIbxmDf6/4EAH+K9xperD5jg=="
    },
    "d3-tip": {
      "version": "0.9.1",
      "resolved": "https://registry.npmjs.org/d3-tip/-/d3-tip-0.9.1.tgz",
      "integrity": "sha512-EVBfG9d+HnjIoyVXfhpytWxlF59JaobwizqMX9EBXtsFmJytjwHeYiUs74ldHQjE7S9vzfKTx2LCtvUrIbuFYg==",
      "requires": {
        "d3-collection": "^1.0.4",
        "d3-selection": "^1.3.0"
      }
    }
  }
}
